
Microsoft Visual Studio Solution File, Format Version 12.00
# Visual Studio Version 17
VisualStudioVersion = 17.4.33213.308
MinimumVisualStudioVersion = 10.0.40219.1
Project("{FAE04EC0-301F-11D3-BF4B-00C04F79EFBC}") = "CrashTestApp", "CrashTestApp\CrashTestApp.csproj", "{D04A38CD-86C6-4119-951E-07C6E2AA724E}"
EndProject
Global
	GlobalSection(SolutionConfigurationPlatforms) = preSolution
		Debug|Any CPU = Debug|Any CPU
		Release|Any CPU = Release|Any CPU
	EndGlobalSection
	GlobalSection(ProjectConfigurationPlatforms) = postSolution
		{D04A38CD-86C6-4119-951E-07C6E2AA724E}.Debug|Any CPU.ActiveCfg = Debug|Any CPU
		{D04A38CD-86C6-4119-951E-07C6E2AA724E}.Debug|Any CPU.Build.0 = Debug|Any CPU
		{D04A38CD-86C6-4119-951E-07C6E2AA724E}.Release|Any CPU.ActiveCfg = Release|Any CPU
		{D04A38CD-86C6-4119-951E-07C6E2AA724E}.Release|Any CPU.Build.0 = Release|Any CPU
	EndGlobalSection
	GlobalSection(SolutionProperties) = preSolution
		HideSolutionNode = FALSE
	EndGlobalSection
	GlobalSection(ExtensibilityGlobals) = postSolution
		SolutionGuid = {04F0A45F-50AC-4611-B87E-DD047BC2B1FF}
	EndGlobalSection
EndGlobal
